
Microsoft Visual Studio Solution File, Format Version 12.00
# Visual Studio Version 17
VisualStudioVersion = 17.3.32929.385
MinimumVisualStudioVersion = 10.0.40219.1
Project("{FAE04EC0-301F-11D3-BF4B-00C04F79EFBC}") = "AddressBookSys", "AddressBookSys\AddressBookSys.csproj", "{8563CAA1-DBAD-4FA7-99F6-EA30817E11FC}"
EndProject
Global
	GlobalSection(SolutionConfigurationPlatforms) = preSolution
		Debug|Any CPU = Debug|Any CPU
		Release|Any CPU = Release|Any CPU
	EndGlobalSection
	GlobalSection(ProjectConfigurationPlatforms) = postSolution
		{8563CAA1-DBAD-4FA7-99F6-EA30817E11FC}.Debug|Any CPU.ActiveCfg = Debug|Any CPU
		{8563CAA1-DBAD-4FA7-99F6-EA30817E11FC}.Debug|Any CPU.Build.0 = Debug|Any CPU
		{8563CAA1-DBAD-4FA7-99F6-EA30817E11FC}.Release|Any CPU.ActiveCfg = Release|Any CPU
		{8563CAA1-DBAD-4FA7-99F6-EA30817E11FC}.Release|Any CPU.Build.0 = Release|Any CPU
	EndGlobalSection
	GlobalSection(SolutionProperties) = preSolution
		HideSolutionNode = FALSE
	EndGlobalSection
	GlobalSection(ExtensibilityGlobals) = postSolution
		SolutionGuid = {C750619B-8E30-451C-8CB8-6E0D167F105B}
	EndGlobalSection
EndGlobal
